{
  "version": 4,
  "terraform_version": "0.12.23",
  "serial": 38,
  "lineage": "63ef4152-3bea-7067-bdcd-8693ee6a4091",
  "outputs": {},
  "resources": [
    {
      "module": "module.count",
      "mode": "data",
      "type": "aws_subnet",
      "name": "public",
      "each": "map",
      "provider": "module.count.provider.aws",
      "instances": [
        {
          "index_key": "subnet-06baf8d8dd68693eb",
          "schema_version": 0,
          "attributes": {
            "arn": "arn:aws:ec2:us-east-1:683270873642:subnet/subnet-06baf8d8dd68693eb",
            "assign_ipv6_address_on_creation": false,
            "availability_zone": "us-east-1b",
            "availability_zone_id": "use1-az1",
            "cidr_block": "9.0.8.0/22",
            "default_for_az": false,
            "filter": null,
            "id": "subnet-06baf8d8dd68693eb",
            "ipv6_cidr_block": null,
            "ipv6_cidr_block_association_id": null,
            "map_public_ip_on_launch": true,
            "owner_id": "683270873642",
            "state": "available",
            "tags": {
              "Name": "fiap-lab_public_igw_us-east-1b",
              "Tier": "Public",
              "env": "prod"
            },
            "vpc_id": "vpc-0d664e7babca18601"
          }
        },
        {
          "index_key": "subnet-088fe676e5ae0892f",
          "schema_version": 0,
          "attributes": {
            "arn": "arn:aws:ec2:us-east-1:683270873642:subnet/subnet-088fe676e5ae0892f",
            "assign_ipv6_address_on_creation": false,
            "availability_zone": "us-east-1d",
            "availability_zone_id": "use1-az4",
            "cidr_block": "9.0.16.0/22",
            "default_for_az": false,
            "filter": null,
            "id": "subnet-088fe676e5ae0892f",
            "ipv6_cidr_block": null,
            "ipv6_cidr_block_association_id": null,
            "map_public_ip_on_launch": true,
            "owner_id": "683270873642",
            "state": "available",
            "tags": {
              "Name": "fiap-lab_public_igw_us-east-1d",
              "Tier": "Public",
              "env": "prod"
            },
            "vpc_id": "vpc-0d664e7babca18601"
          }
        },
        {
          "index_key": "subnet-094b1da3a95d7046b",
          "schema_version": 0,
          "attributes": {
            "arn": "arn:aws:ec2:us-east-1:683270873642:subnet/subnet-094b1da3a95d7046b",
            "assign_ipv6_address_on_creation": false,
            "availability_zone": "us-east-1f",
            "availability_zone_id": "use1-az5",
            "cidr_block": "9.0.24.0/22",
            "default_for_az": false,
            "filter": null,
            "id": "subnet-094b1da3a95d7046b",
            "ipv6_cidr_block": null,
            "ipv6_cidr_block_association_id": null,
            "map_public_ip_on_launch": true,
            "owner_id": "683270873642",
            "state": "available",
            "tags": {
              "Name": "fiap-lab_public_igw_us-east-1f",
              "Tier": "Public",
              "env": "prod"
            },
            "vpc_id": "vpc-0d664e7babca18601"
          }
        },
        {
          "index_key": "subnet-098b5039f0e6bcdd1",
          "schema_version": 0,
          "attributes": {
            "arn": "arn:aws:ec2:us-east-1:683270873642:subnet/subnet-098b5039f0e6bcdd1",
            "assign_ipv6_address_on_creation": false,
            "availability_zone": "us-east-1c",
            "availability_zone_id": "use1-az2",
            "cidr_block": "9.0.12.0/22",
            "default_for_az": false,
            "filter": null,
            "id": "subnet-098b5039f0e6bcdd1",
            "ipv6_cidr_block": null,
            "ipv6_cidr_block_association_id": null,
            "map_public_ip_on_launch": true,
            "owner_id": "683270873642",
            "state": "available",
            "tags": {
              "Name": "fiap-lab_public_igw_us-east-1c",
              "Tier": "Public",
              "env": "prod"
            },
            "vpc_id": "vpc-0d664e7babca18601"
          }
        },
        {
          "index_key": "subnet-0bc23936bafe836ec",
          "schema_version": 0,
          "attributes": {
            "arn": "arn:aws:ec2:us-east-1:683270873642:subnet/subnet-0bc23936bafe836ec",
            "assign_ipv6_address_on_creation": false,
            "availability_zone": "us-east-1a",
            "availability_zone_id": "use1-az6",
            "cidr_block": "9.0.4.0/22",
            "default_for_az": false,
            "filter": null,
            "id": "subnet-0bc23936bafe836ec",
            "ipv6_cidr_block": null,
            "ipv6_cidr_block_association_id": null,
            "map_public_ip_on_launch": true,
            "owner_id": "683270873642",
            "state": "available",
            "tags": {
              "Name": "fiap-lab_public_igw_us-east-1a",
              "Tier": "Public",
              "env": "prod"
            },
            "vpc_id": "vpc-0d664e7babca18601"
          }
        },
        {
          "index_key": "subnet-0d4bb9d9a50412acb",
          "schema_version": 0,
          "attributes": {
            "arn": "arn:aws:ec2:us-east-1:683270873642:subnet/subnet-0d4bb9d9a50412acb",
            "assign_ipv6_address_on_creation": false,
            "availability_zone": "us-east-1e",
            "availability_zone_id": "use1-az3",
            "cidr_block": "9.0.20.0/22",
            "default_for_az": false,
            "filter": null,
            "id": "subnet-0d4bb9d9a50412acb",
            "ipv6_cidr_block": null,
            "ipv6_cidr_block_association_id": null,
            "map_public_ip_on_launch": true,
            "owner_id": "683270873642",
            "state": "available",
            "tags": {
              "Name": "fiap-lab_public_igw_us-east-1e",
              "Tier": "Public",
              "env": "prod"
            },
            "vpc_id": "vpc-0d664e7babca18601"
          }
        }
      ]
    },
    {
      "module": "module.count",
      "mode": "data",
      "type": "aws_subnet_ids",
      "name": "all",
      "provider": "module.count.provider.aws",
      "instances": [
        {
          "schema_version": 0,
          "attributes": {
            "filter": null,
            "id": "vpc-0d664e7babca18601",
            "ids": [
              "subnet-06baf8d8dd68693eb",
              "subnet-088fe676e5ae0892f",
              "subnet-094b1da3a95d7046b",
              "subnet-098b5039f0e6bcdd1",
              "subnet-0bc23936bafe836ec",
              "subnet-0d4bb9d9a50412acb"
            ],
            "tags": {
              "Tier": "Public"
            },
            "vpc_id": "vpc-0d664e7babca18601"
          }
        }
      ]
    },
    {
      "module": "module.count",
      "mode": "data",
      "type": "aws_vpc",
      "name": "vpc",
      "provider": "module.count.provider.aws",
      "instances": [
        {
          "schema_version": 0,
          "attributes": {
            "arn": "arn:aws:ec2:us-east-1:683270873642:vpc/vpc-0d664e7babca18601",
            "cidr_block": "9.0.0.0/16",
            "cidr_block_associations": [
              {
                "association_id": "vpc-cidr-assoc-0c40e0060d252cd18",
                "cidr_block": "9.0.0.0/16",
                "state": "associated"
              }
            ],
            "default": false,
            "dhcp_options_id": "dopt-aa5bfcd0",
            "enable_dns_hostnames": true,
            "enable_dns_support": true,
            "filter": null,
            "id": "vpc-0d664e7babca18601",
            "instance_tenancy": "default",
            "ipv6_association_id": null,
            "ipv6_cidr_block": null,
            "main_route_table_id": "rtb-0517deb1a1e78f7e6",
            "owner_id": "683270873642",
            "state": "available",
            "tags": {
              "Name": "fiap-lab",
              "env": "prod"
            }
          }
        }
      ]
    },
    {
      "module": "module.count",
      "mode": "managed",
      "type": "aws_elb",
      "name": "web",
      "provider": "module.count.provider.aws",
      "instances": [
        {
          "schema_version": 0,
          "attributes": {
            "access_logs": [],
            "arn": "arn:aws:elasticloadbalancing:us-east-1:683270873642:loadbalancer/terraform-example-elb-dev",
            "availability_zones": [
              "us-east-1a",
              "us-east-1b",
              "us-east-1c",
              "us-east-1d",
              "us-east-1e",
              "us-east-1f"
            ],
            "connection_draining": false,
            "connection_draining_timeout": 300,
            "cross_zone_load_balancing": true,
            "dns_name": "terraform-example-elb-dev-2009066328.us-east-1.elb.amazonaws.com",
            "health_check": [
              {
                "healthy_threshold": 2,
                "interval": 6,
                "target": "HTTP:80/",
                "timeout": 3,
                "unhealthy_threshold": 2
              }
            ],
            "id": "terraform-example-elb-dev",
            "idle_timeout": 60,
            "instances": [
              "i-014e459aa57785876",
              "i-0306aceeff591c46a",
              "i-03eafe1f6fd13754e",
              "i-05f93aea2a94d7eb7",
              "i-06856a52828449281",
              "i-072537d8bb66efdfb",
              "i-08f929a9fb6b4605e",
              "i-0fc130d73356182fe"
            ],
            "internal": false,
            "listener": [
              {
                "instance_port": 80,
                "instance_protocol": "http",
                "lb_port": 80,
                "lb_protocol": "http",
                "ssl_certificate_id": ""
              }
            ],
            "name": "terraform-example-elb-dev",
            "name_prefix": null,
            "security_groups": [
              "sg-0ce3b73fc6ffaba31"
            ],
            "source_security_group": "683270873642/allow-ssh-dev",
            "source_security_group_id": "sg-0ce3b73fc6ffaba31",
            "subnets": [
              "subnet-06baf8d8dd68693eb",
              "subnet-088fe676e5ae0892f",
              "subnet-094b1da3a95d7046b",
              "subnet-098b5039f0e6bcdd1",
              "subnet-0bc23936bafe836ec",
              "subnet-0d4bb9d9a50412acb"
            ],
            "tags": null,
            "zone_id": "Z35SXDOTRQ7X7K"
          },
          "private": "bnVsbA==",
          "dependencies": [
            "module.count.aws_instance.web",
            "module.count.aws_security_group.allow-ssh",
            "module.count.random_shuffle.random_subnet"
          ]
        }
      ]
    },
    {
      "module": "module.count",
      "mode": "managed",
      "type": "aws_instance",
      "name": "web",
      "each": "list",
      "provider": "module.count.provider.aws",
      "instances": [
        {
          "index_key": 0,
          "schema_version": 1,
          "attributes": {
            "ami": "ami-13be557e",
            "arn": "arn:aws:ec2:us-east-1:683270873642:instance/i-0fc130d73356182fe",
            "associate_public_ip_address": true,
            "availability_zone": "us-east-1e",
            "cpu_core_count": 1,
            "cpu_threads_per_core": 1,
            "credit_specification": [
              {
                "cpu_credits": "standard"
              }
            ],
            "disable_api_termination": false,
            "ebs_block_device": [],
            "ebs_optimized": false,
            "ephemeral_block_device": [],
            "get_password_data": false,
            "hibernation": false,
            "host_id": null,
            "iam_instance_profile": "",
            "id": "i-0fc130d73356182fe",
            "instance_initiated_shutdown_behavior": null,
            "instance_state": "running",
            "instance_type": "t2.micro",
            "ipv6_address_count": 0,
            "ipv6_addresses": [],
            "key_name": "fiap-lab",
            "metadata_options": [
              {
                "http_endpoint": "enabled",
                "http_put_response_hop_limit": 1,
                "http_tokens": "optional"
              }
            ],
            "monitoring": false,
            "network_interface": [],
            "network_interface_id": null,
            "password_data": "",
            "placement_group": "",
            "primary_network_interface_id": "eni-04cae9e8ffe9ce130",
            "private_dns": "ip-9-0-22-135.ec2.internal",
            "private_ip": "9.0.22.135",
            "public_dns": "ec2-54-224-31-159.compute-1.amazonaws.com",
            "public_ip": "54.224.31.159",
            "root_block_device": [
              {
                "delete_on_termination": true,
                "encrypted": false,
                "iops": 100,
                "kms_key_id": "",
                "volume_id": "vol-079ed981ed1d9d54b",
                "volume_size": 8,
                "volume_type": "gp2"
              }
            ],
            "security_groups": [],
            "source_dest_check": true,
            "subnet_id": "subnet-0d4bb9d9a50412acb",
            "tags": {
              "Name": "nginx-dev-001"
            },
            "tenancy": "default",
            "timeouts": null,
            "user_data": null,
            "user_data_base64": null,
            "volume_tags": {},
            "vpc_security_group_ids": [
              "sg-0ce3b73fc6ffaba31"
            ]
          },
          "private": "eyJlMmJmYjczMC1lY2FhLTExZTYtOGY4OC0zNDM2M2JjN2M0YzAiOnsiY3JlYXRlIjo2MDAwMDAwMDAwMDAsImRlbGV0ZSI6MTIwMDAwMDAwMDAwMCwidXBkYXRlIjo2MDAwMDAwMDAwMDB9LCJzY2hlbWFfdmVyc2lvbiI6IjEifQ==",
          "dependencies": [
            "module.count.aws_security_group.allow-ssh",
            "module.count.random_shuffle.random_subnet"
          ]
        },
        {
          "index_key": 1,
          "schema_version": 1,
          "attributes": {
            "ami": "ami-13be557e",
            "arn": "arn:aws:ec2:us-east-1:683270873642:instance/i-0306aceeff591c46a",
            "associate_public_ip_address": true,
            "availability_zone": "us-east-1e",
            "cpu_core_count": 1,
            "cpu_threads_per_core": 1,
            "credit_specification": [
              {
                "cpu_credits": "standard"
              }
            ],
            "disable_api_termination": false,
            "ebs_block_device": [],
            "ebs_optimized": false,
            "ephemeral_block_device": [],
            "get_password_data": false,
            "hibernation": false,
            "host_id": null,
            "iam_instance_profile": "",
            "id": "i-0306aceeff591c46a",
            "instance_initiated_shutdown_behavior": null,
            "instance_state": "running",
            "instance_type": "t2.micro",
            "ipv6_address_count": 0,
            "ipv6_addresses": [],
            "key_name": "fiap-lab",
            "metadata_options": [
              {
                "http_endpoint": "enabled",
                "http_put_response_hop_limit": 1,
                "http_tokens": "optional"
              }
            ],
            "monitoring": false,
            "network_interface": [],
            "network_interface_id": null,
            "password_data": "",
            "placement_group": "",
            "primary_network_interface_id": "eni-0592e5f93d06c7488",
            "private_dns": "ip-9-0-22-56.ec2.internal",
            "private_ip": "9.0.22.56",
            "public_dns": "ec2-54-85-106-26.compute-1.amazonaws.com",
            "public_ip": "54.85.106.26",
            "root_block_device": [
              {
                "delete_on_termination": true,
                "encrypted": false,
                "iops": 100,
                "kms_key_id": "",
                "volume_id": "vol-0624ce422885fca2c",
                "volume_size": 8,
                "volume_type": "gp2"
              }
            ],
            "security_groups": [],
            "source_dest_check": true,
            "subnet_id": "subnet-0d4bb9d9a50412acb",
            "tags": {
              "Name": "nginx-dev-002"
            },
            "tenancy": "default",
            "timeouts": null,
            "user_data": null,
            "user_data_base64": null,
            "volume_tags": {},
            "vpc_security_group_ids": [
              "sg-0ce3b73fc6ffaba31"
            ]
          },
          "private": "eyJlMmJmYjczMC1lY2FhLTExZTYtOGY4OC0zNDM2M2JjN2M0YzAiOnsiY3JlYXRlIjo2MDAwMDAwMDAwMDAsImRlbGV0ZSI6MTIwMDAwMDAwMDAwMCwidXBkYXRlIjo2MDAwMDAwMDAwMDB9LCJzY2hlbWFfdmVyc2lvbiI6IjEifQ==",
          "dependencies": [
            "module.count.aws_security_group.allow-ssh",
            "module.count.random_shuffle.random_subnet"
          ]
        },
        {
          "index_key": 2,
          "schema_version": 1,
          "attributes": {
            "ami": "ami-13be557e",
            "arn": "arn:aws:ec2:us-east-1:683270873642:instance/i-05f93aea2a94d7eb7",
            "associate_public_ip_address": true,
            "availability_zone": "us-east-1e",
            "cpu_core_count": 1,
            "cpu_threads_per_core": 1,
            "credit_specification": [
              {
                "cpu_credits": "standard"
              }
            ],
            "disable_api_termination": false,
            "ebs_block_device": [],
            "ebs_optimized": false,
            "ephemeral_block_device": [],
            "get_password_data": false,
            "hibernation": false,
            "host_id": null,
            "iam_instance_profile": "",
            "id": "i-05f93aea2a94d7eb7",
            "instance_initiated_shutdown_behavior": null,
            "instance_state": "running",
            "instance_type": "t2.micro",
            "ipv6_address_count": 0,
            "ipv6_addresses": [],
            "key_name": "fiap-lab",
            "metadata_options": [
              {
                "http_endpoint": "enabled",
                "http_put_response_hop_limit": 1,
                "http_tokens": "optional"
              }
            ],
            "monitoring": false,
            "network_interface": [],
            "network_interface_id": null,
            "password_data": "",
            "placement_group": "",
            "primary_network_interface_id": "eni-0836e57e9a463cfdb",
            "private_dns": "ip-9-0-21-79.ec2.internal",
            "private_ip": "9.0.21.79",
            "public_dns": "ec2-34-204-91-159.compute-1.amazonaws.com",
            "public_ip": "34.204.91.159",
            "root_block_device": [
              {
                "delete_on_termination": true,
                "encrypted": false,
                "iops": 100,
                "kms_key_id": "",
                "volume_id": "vol-08e3acbb958ea7de2",
                "volume_size": 8,
                "volume_type": "gp2"
              }
            ],
            "security_groups": [],
            "source_dest_check": true,
            "subnet_id": "subnet-0d4bb9d9a50412acb",
            "tags": {
              "Name": "nginx-dev-003"
            },
            "tenancy": "default",
            "timeouts": null,
            "user_data": null,
            "user_data_base64": null,
            "volume_tags": {},
            "vpc_security_group_ids": [
              "sg-0ce3b73fc6ffaba31"
            ]
          },
          "private": "eyJlMmJmYjczMC1lY2FhLTExZTYtOGY4OC0zNDM2M2JjN2M0YzAiOnsiY3JlYXRlIjo2MDAwMDAwMDAwMDAsImRlbGV0ZSI6MTIwMDAwMDAwMDAwMCwidXBkYXRlIjo2MDAwMDAwMDAwMDB9LCJzY2hlbWFfdmVyc2lvbiI6IjEifQ==",
          "dependencies": [
            "module.count.aws_security_group.allow-ssh",
            "module.count.random_shuffle.random_subnet"
          ]
        },
        {
          "index_key": 3,
          "schema_version": 1,
          "attributes": {
            "ami": "ami-13be557e",
            "arn": "arn:aws:ec2:us-east-1:683270873642:instance/i-08f929a9fb6b4605e",
            "associate_public_ip_address": true,
            "availability_zone": "us-east-1e",
            "cpu_core_count": 1,
            "cpu_threads_per_core": 1,
            "credit_specification": [
              {
                "cpu_credits": "standard"
              }
            ],
            "disable_api_termination": false,
            "ebs_block_device": [],
            "ebs_optimized": false,
            "ephemeral_block_device": [],
            "get_password_data": false,
            "hibernation": false,
            "host_id": null,
            "iam_instance_profile": "",
            "id": "i-08f929a9fb6b4605e",
            "instance_initiated_shutdown_behavior": null,
            "instance_state": "running",
            "instance_type": "t2.micro",
            "ipv6_address_count": 0,
            "ipv6_addresses": [],
            "key_name": "fiap-lab",
            "metadata_options": [
              {
                "http_endpoint": "enabled",
                "http_put_response_hop_limit": 1,
                "http_tokens": "optional"
              }
            ],
            "monitoring": false,
            "network_interface": [],
            "network_interface_id": null,
            "password_data": "",
            "placement_group": "",
            "primary_network_interface_id": "eni-002f88bec00b42caa",
            "private_dns": "ip-9-0-22-59.ec2.internal",
            "private_ip": "9.0.22.59",
            "public_dns": "ec2-100-26-220-194.compute-1.amazonaws.com",
            "public_ip": "100.26.220.194",
            "root_block_device": [
              {
                "delete_on_termination": true,
                "encrypted": false,
                "iops": 100,
                "kms_key_id": "",
                "volume_id": "vol-0f9915ccb493932df",
                "volume_size": 8,
                "volume_type": "gp2"
              }
            ],
            "security_groups": [],
            "source_dest_check": true,
            "subnet_id": "subnet-0d4bb9d9a50412acb",
            "tags": {
              "Name": "nginx-dev-004"
            },
            "tenancy": "default",
            "timeouts": null,
            "user_data": null,
            "user_data_base64": null,
            "volume_tags": {},
            "vpc_security_group_ids": [
              "sg-0ce3b73fc6ffaba31"
            ]
          },
          "private": "eyJlMmJmYjczMC1lY2FhLTExZTYtOGY4OC0zNDM2M2JjN2M0YzAiOnsiY3JlYXRlIjo2MDAwMDAwMDAwMDAsImRlbGV0ZSI6MTIwMDAwMDAwMDAwMCwidXBkYXRlIjo2MDAwMDAwMDAwMDB9LCJzY2hlbWFfdmVyc2lvbiI6IjEifQ==",
          "dependencies": [
            "module.count.aws_security_group.allow-ssh",
            "module.count.random_shuffle.random_subnet"
          ]
        },
        {
          "index_key": 4,
          "schema_version": 1,
          "attributes": {
            "ami": "ami-13be557e",
            "arn": "arn:aws:ec2:us-east-1:683270873642:instance/i-014e459aa57785876",
            "associate_public_ip_address": true,
            "availability_zone": "us-east-1e",
            "cpu_core_count": 1,
            "cpu_threads_per_core": 1,
            "credit_specification": [
              {
                "cpu_credits": "standard"
              }
            ],
            "disable_api_termination": false,
            "ebs_block_device": [],
            "ebs_optimized": false,
            "ephemeral_block_device": [],
            "get_password_data": false,
            "hibernation": false,
            "host_id": null,
            "iam_instance_profile": "",
            "id": "i-014e459aa57785876",
            "instance_initiated_shutdown_behavior": null,
            "instance_state": "running",
            "instance_type": "t2.micro",
            "ipv6_address_count": 0,
            "ipv6_addresses": [],
            "key_name": "fiap-lab",
            "metadata_options": [
              {
                "http_endpoint": "enabled",
                "http_put_response_hop_limit": 1,
                "http_tokens": "optional"
              }
            ],
            "monitoring": false,
            "network_interface": [],
            "network_interface_id": null,
            "password_data": "",
            "placement_group": "",
            "primary_network_interface_id": "eni-0e66202706f4e1f3a",
            "private_dns": "ip-9-0-21-83.ec2.internal",
            "private_ip": "9.0.21.83",
            "public_dns": "ec2-54-160-78-144.compute-1.amazonaws.com",
            "public_ip": "54.160.78.144",
            "root_block_device": [
              {
                "delete_on_termination": true,
                "encrypted": false,
                "iops": 100,
                "kms_key_id": "",
                "volume_id": "vol-0d1ebad8f63884e4c",
                "volume_size": 8,
                "volume_type": "gp2"
              }
            ],
            "security_groups": [],
            "source_dest_check": true,
            "subnet_id": "subnet-0d4bb9d9a50412acb",
            "tags": {
              "Name": "nginx-dev-005"
            },
            "tenancy": "default",
            "timeouts": null,
            "user_data": null,
            "user_data_base64": null,
            "volume_tags": {},
            "vpc_security_group_ids": [
              "sg-0ce3b73fc6ffaba31"
            ]
          },
          "private": "eyJlMmJmYjczMC1lY2FhLTExZTYtOGY4OC0zNDM2M2JjN2M0YzAiOnsiY3JlYXRlIjo2MDAwMDAwMDAwMDAsImRlbGV0ZSI6MTIwMDAwMDAwMDAwMCwidXBkYXRlIjo2MDAwMDAwMDAwMDB9LCJzY2hlbWFfdmVyc2lvbiI6IjEifQ==",
          "dependencies": [
            "module.count.aws_security_group.allow-ssh",
            "module.count.random_shuffle.random_subnet"
          ]
        },
        {
          "index_key": 5,
          "schema_version": 1,
          "attributes": {
            "ami": "ami-13be557e",
            "arn": "arn:aws:ec2:us-east-1:683270873642:instance/i-06856a52828449281",
            "associate_public_ip_address": true,
            "availability_zone": "us-east-1e",
            "cpu_core_count": 1,
            "cpu_threads_per_core": 1,
            "credit_specification": [
              {
                "cpu_credits": "standard"
              }
            ],
            "disable_api_termination": false,
            "ebs_block_device": [],
            "ebs_optimized": false,
            "ephemeral_block_device": [],
            "get_password_data": false,
            "hibernation": false,
            "host_id": null,
            "iam_instance_profile": "",
            "id": "i-06856a52828449281",
            "instance_initiated_shutdown_behavior": null,
            "instance_state": "running",
            "instance_type": "t2.micro",
            "ipv6_address_count": 0,
            "ipv6_addresses": [],
            "key_name": "fiap-lab",
            "metadata_options": [
              {
                "http_endpoint": "enabled",
                "http_put_response_hop_limit": 1,
                "http_tokens": "optional"
              }
            ],
            "monitoring": false,
            "network_interface": [],
            "network_interface_id": null,
            "password_data": "",
            "placement_group": "",
            "primary_network_interface_id": "eni-0a7f25b7cdefeaa6e",
            "private_dns": "ip-9-0-23-86.ec2.internal",
            "private_ip": "9.0.23.86",
            "public_dns": "ec2-3-90-82-83.compute-1.amazonaws.com",
            "public_ip": "3.90.82.83",
            "root_block_device": [
              {
                "delete_on_termination": true,
                "encrypted": false,
                "iops": 100,
                "kms_key_id": "",
                "volume_id": "vol-03c74ac72b98d837f",
                "volume_size": 8,
                "volume_type": "gp2"
              }
            ],
            "security_groups": [],
            "source_dest_check": true,
            "subnet_id": "subnet-0d4bb9d9a50412acb",
            "tags": {
              "Name": "nginx-dev-006"
            },
            "tenancy": "default",
            "timeouts": null,
            "user_data": null,
            "user_data_base64": null,
            "volume_tags": {},
            "vpc_security_group_ids": [
              "sg-0ce3b73fc6ffaba31"
            ]
          },
          "private": "eyJlMmJmYjczMC1lY2FhLTExZTYtOGY4OC0zNDM2M2JjN2M0YzAiOnsiY3JlYXRlIjo2MDAwMDAwMDAwMDAsImRlbGV0ZSI6MTIwMDAwMDAwMDAwMCwidXBkYXRlIjo2MDAwMDAwMDAwMDB9LCJzY2hlbWFfdmVyc2lvbiI6IjEifQ==",
          "dependencies": [
            "module.count.aws_security_group.allow-ssh",
            "module.count.random_shuffle.random_subnet"
          ]
        },
        {
          "index_key": 6,
          "schema_version": 1,
          "attributes": {
            "ami": "ami-13be557e",
            "arn": "arn:aws:ec2:us-east-1:683270873642:instance/i-03eafe1f6fd13754e",
            "associate_public_ip_address": true,
            "availability_zone": "us-east-1e",
            "cpu_core_count": 1,
            "cpu_threads_per_core": 1,
            "credit_specification": [
              {
                "cpu_credits": "standard"
              }
            ],
            "disable_api_termination": false,
            "ebs_block_device": [],
            "ebs_optimized": false,
            "ephemeral_block_device": [],
            "get_password_data": false,
            "hibernation": false,
            "host_id": null,
            "iam_instance_profile": "",
            "id": "i-03eafe1f6fd13754e",
            "instance_initiated_shutdown_behavior": null,
            "instance_state": "running",
            "instance_type": "t2.micro",
            "ipv6_address_count": 0,
            "ipv6_addresses": [],
            "key_name": "fiap-lab",
            "metadata_options": [
              {
                "http_endpoint": "enabled",
                "http_put_response_hop_limit": 1,
                "http_tokens": "optional"
              }
            ],
            "monitoring": false,
            "network_interface": [],
            "network_interface_id": null,
            "password_data": "",
            "placement_group": "",
            "primary_network_interface_id": "eni-0d782eb1ec3ce878d",
            "private_dns": "ip-9-0-22-197.ec2.internal",
            "private_ip": "9.0.22.197",
            "public_dns": "ec2-34-201-61-13.compute-1.amazonaws.com",
            "public_ip": "34.201.61.13",
            "root_block_device": [
              {
                "delete_on_termination": true,
                "encrypted": false,
                "iops": 100,
                "kms_key_id": "",
                "volume_id": "vol-07b5b0ac1224c7f5b",
                "volume_size": 8,
                "volume_type": "gp2"
              }
            ],
            "security_groups": [],
            "source_dest_check": true,
            "subnet_id": "subnet-0d4bb9d9a50412acb",
            "tags": {
              "Name": "nginx-dev-007"
            },
            "tenancy": "default",
            "timeouts": null,
            "user_data": null,
            "user_data_base64": null,
            "volume_tags": {},
            "vpc_security_group_ids": [
              "sg-0ce3b73fc6ffaba31"
            ]
          },
          "private": "eyJlMmJmYjczMC1lY2FhLTExZTYtOGY4OC0zNDM2M2JjN2M0YzAiOnsiY3JlYXRlIjo2MDAwMDAwMDAwMDAsImRlbGV0ZSI6MTIwMDAwMDAwMDAwMCwidXBkYXRlIjo2MDAwMDAwMDAwMDB9LCJzY2hlbWFfdmVyc2lvbiI6IjEifQ==",
          "dependencies": [
            "module.count.aws_security_group.allow-ssh",
            "module.count.random_shuffle.random_subnet"
          ]
        },
        {
          "index_key": 7,
          "schema_version": 1,
          "attributes": {
            "ami": "ami-13be557e",
            "arn": "arn:aws:ec2:us-east-1:683270873642:instance/i-072537d8bb66efdfb",
            "associate_public_ip_address": true,
            "availability_zone": "us-east-1e",
            "cpu_core_count": 1,
            "cpu_threads_per_core": 1,
            "credit_specification": [
              {
                "cpu_credits": "standard"
              }
            ],
            "disable_api_termination": false,
            "ebs_block_device": [],
            "ebs_optimized": false,
            "ephemeral_block_device": [],
            "get_password_data": false,
            "hibernation": false,
            "host_id": null,
            "iam_instance_profile": "",
            "id": "i-072537d8bb66efdfb",
            "instance_initiated_shutdown_behavior": null,
            "instance_state": "running",
            "instance_type": "t2.micro",
            "ipv6_address_count": 0,
            "ipv6_addresses": [],
            "key_name": "fiap-lab",
            "metadata_options": [
              {
                "http_endpoint": "enabled",
                "http_put_response_hop_limit": 1,
                "http_tokens": "optional"
              }
            ],
            "monitoring": false,
            "network_interface": [],
            "network_interface_id": null,
            "password_data": "",
            "placement_group": "",
            "primary_network_interface_id": "eni-0575523c3d86932bb",
            "private_dns": "ip-9-0-23-85.ec2.internal",
            "private_ip": "9.0.23.85",
            "public_dns": "ec2-54-173-254-76.compute-1.amazonaws.com",
            "public_ip": "54.173.254.76",
            "root_block_device": [
              {
                "delete_on_termination": true,
                "encrypted": false,
                "iops": 100,
                "kms_key_id": "",
                "volume_id": "vol-0d0ee8ab25fbf0b38",
                "volume_size": 8,
                "volume_type": "gp2"
              }
            ],
            "security_groups": [],
            "source_dest_check": true,
            "subnet_id": "subnet-0d4bb9d9a50412acb",
            "tags": {
              "Name": "nginx-dev-008"
            },
            "tenancy": "default",
            "timeouts": null,
            "user_data": null,
            "user_data_base64": null,
            "volume_tags": {},
            "vpc_security_group_ids": [
              "sg-0ce3b73fc6ffaba31"
            ]
          },
          "private": "eyJlMmJmYjczMC1lY2FhLTExZTYtOGY4OC0zNDM2M2JjN2M0YzAiOnsiY3JlYXRlIjo2MDAwMDAwMDAwMDAsImRlbGV0ZSI6MTIwMDAwMDAwMDAwMCwidXBkYXRlIjo2MDAwMDAwMDAwMDB9LCJzY2hlbWFfdmVyc2lvbiI6IjEifQ==",
          "dependencies": [
            "module.count.aws_security_group.allow-ssh",
            "module.count.random_shuffle.random_subnet"
          ]
        }
      ]
    },
    {
      "module": "module.count",
      "mode": "managed",
      "type": "aws_security_group",
      "name": "allow-ssh",
      "provider": "module.count.provider.aws",
      "instances": [
        {
          "schema_version": 1,
          "attributes": {
            "arn": "arn:aws:ec2:us-east-1:683270873642:security-group/sg-0ce3b73fc6ffaba31",
            "description": "Managed by Terraform",
            "egress": [
              {
                "cidr_blocks": [
                  "0.0.0.0/0"
                ],
                "description": "",
                "from_port": 0,
                "ipv6_cidr_blocks": [],
                "prefix_list_ids": [],
                "protocol": "-1",
                "security_groups": [],
                "self": false,
                "to_port": 0
              }
            ],
            "id": "sg-0ce3b73fc6ffaba31",
            "ingress": [
              {
                "cidr_blocks": [
                  "0.0.0.0/0"
                ],
                "description": "",
                "from_port": 22,
                "ipv6_cidr_blocks": [],
                "prefix_list_ids": [],
                "protocol": "tcp",
                "security_groups": [],
                "self": false,
                "to_port": 22
              },
              {
                "cidr_blocks": [
                  "0.0.0.0/0"
                ],
                "description": "",
                "from_port": 80,
                "ipv6_cidr_blocks": [],
                "prefix_list_ids": [],
                "protocol": "tcp",
                "security_groups": [],
                "self": false,
                "to_port": 80
              }
            ],
            "name": "allow-ssh-dev",
            "name_prefix": null,
            "owner_id": "683270873642",
            "revoke_rules_on_delete": false,
            "tags": {
              "Name": "allow-ssh-dev"
            },
            "timeouts": null,
            "vpc_id": "vpc-0d664e7babca18601"
          },
          "private": "eyJlMmJmYjczMC1lY2FhLTExZTYtOGY4OC0zNDM2M2JjN2M0YzAiOnsiY3JlYXRlIjo2MDAwMDAwMDAwMDAsImRlbGV0ZSI6NjAwMDAwMDAwMDAwfSwic2NoZW1hX3ZlcnNpb24iOiIxIn0="
        }
      ]
    },
    {
      "module": "module.count",
      "mode": "managed",
      "type": "random_shuffle",
      "name": "random_subnet",
      "provider": "provider.random",
      "instances": [
        {
          "schema_version": 0,
          "attributes": {
            "id": "-",
            "input": [
              "subnet-06baf8d8dd68693eb",
              "subnet-088fe676e5ae0892f",
              "subnet-094b1da3a95d7046b",
              "subnet-098b5039f0e6bcdd1",
              "subnet-0bc23936bafe836ec",
              "subnet-0d4bb9d9a50412acb"
            ],
            "keepers": null,
            "result": [
              "subnet-0d4bb9d9a50412acb"
            ],
            "result_count": 1,
            "seed": null
          },
          "private": "bnVsbA=="
        }
      ]
    }
  ]
}
